{
  "name": "node-smartctl-wrapper",
  "version": "1.0.0",
  "lockfileVersion": 1,
  "requires": true,
  "dependencies": {
    "@types/node": {
      "version": "14.0.22",
      "resolved": "https://registry.npmjs.org/@types/node/-/node-14.0.22.tgz",
      "integrity": "sha512-emeGcJvdiZ4Z3ohbmw93E/64jRzUHAItSHt8nF7M4TGgQTiWqFVGB8KNpLGFmUHmHLvjvBgFwVlqNcq+VuGv9g=="
    },
    "promisify-child-process": {
      "version": "4.1.1",
      "resolved": "https://registry.npmjs.org/promisify-child-process/-/promisify-child-process-4.1.1.tgz",
      "integrity": "sha512-/sRjHZwoXf1rJ+8s4oWjYjGRVKNK1DUnqfRC1Zek18pl0cN6k3yJ1cCbqd0tWNe4h0Gr+SY4vR42N33+T82WkA=="
    }
  }
}
